
Microsoft Visual Studio Solution File, Format Version 12.00
# Visual Studio 2013
VisualStudioVersion = 12.0.21005.1
MinimumVisualStudioVersion = 10.0.40219.1
Project("{FAE04EC0-301F-11D3-BF4B-00C04F79EFBC}") = "FCStore", "FCStore\FCStore.csproj", "{1F48C838-D229-4395-ACCE-7DA02BB3847B}"
	ProjectSection(ProjectDependencies) = postProject
		{1940FD4A-0A7C-42EF-9FAC-994541CF08A9} = {1940FD4A-0A7C-42EF-9FAC-994541CF08A9}
	EndProjectSection
EndProject
Project("{FAE04EC0-301F-11D3-BF4B-00C04F79EFBC}") = "FionPushFilm", "FionPushFilm\FionPushFilm.csproj", "{DAD7F333-24E0-49B1-9CA2-5ADDB699D7CF}"
EndProject
Project("{FAE04EC0-301F-11D3-BF4B-00C04F79EFBC}") = "WXHelper", "..\..\WXPlatform\WXHelper\WXHelper.csproj", "{1940FD4A-0A7C-42EF-9FAC-994541CF08A9}"
EndProject
Global
	GlobalSection(SolutionConfigurationPlatforms) = preSolution
		Debug|Any CPU = Debug|Any CPU
		Debug|Mixed Platforms = Debug|Mixed Platforms
		Debug|Win32 = Debug|Win32
		Release|Any CPU = Release|Any CPU
		Release|Mixed Platforms = Release|Mixed Platforms
		Release|Win32 = Release|Win32
	EndGlobalSection
	GlobalSection(ProjectConfigurationPlatforms) = postSolution
		{1F48C838-D229-4395-ACCE-7DA02BB3847B}.Debug|Any CPU.ActiveCfg = Debug|Any CPU
		{1F48C838-D229-4395-ACCE-7DA02BB3847B}.Debug|Any CPU.Build.0 = Debug|Any CPU
		{1F48C838-D229-4395-ACCE-7DA02BB3847B}.Debug|Mixed Platforms.ActiveCfg = Debug|Any CPU
		{1F48C838-D229-4395-ACCE-7DA02BB3847B}.Debug|Mixed Platforms.Build.0 = Debug|Any CPU
		{1F48C838-D229-4395-ACCE-7DA02BB3847B}.Debug|Win32.ActiveCfg = Debug|Any CPU
		{1F48C838-D229-4395-ACCE-7DA02BB3847B}.Release|Any CPU.ActiveCfg = Release|Any CPU
		{1F48C838-D229-4395-ACCE-7DA02BB3847B}.Release|Any CPU.Build.0 = Release|Any CPU
		{1F48C838-D229-4395-ACCE-7DA02BB3847B}.Release|Mixed Platforms.ActiveCfg = Release|Any CPU
		{1F48C838-D229-4395-ACCE-7DA02BB3847B}.Release|Mixed Platforms.Build.0 = Release|Any CPU
		{1F48C838-D229-4395-ACCE-7DA02BB3847B}.Release|Win32.ActiveCfg = Release|Any CPU
		{DAD7F333-24E0-49B1-9CA2-5ADDB699D7CF}.Debug|Any CPU.ActiveCfg = Debug|Any CPU
		{DAD7F333-24E0-49B1-9CA2-5ADDB699D7CF}.Debug|Any CPU.Build.0 = Debug|Any CPU
		{DAD7F333-24E0-49B1-9CA2-5ADDB699D7CF}.Debug|Mixed Platforms.ActiveCfg = Debug|Any CPU
		{DAD7F333-24E0-49B1-9CA2-5ADDB699D7CF}.Debug|Mixed Platforms.Build.0 = Debug|Any CPU
		{DAD7F333-24E0-49B1-9CA2-5ADDB699D7CF}.Debug|Win32.ActiveCfg = Debug|Any CPU
		{DAD7F333-24E0-49B1-9CA2-5ADDB699D7CF}.Release|Any CPU.ActiveCfg = Release|Any CPU
		{DAD7F333-24E0-49B1-9CA2-5ADDB699D7CF}.Release|Any CPU.Build.0 = Release|Any CPU
		{DAD7F333-24E0-49B1-9CA2-5ADDB699D7CF}.Release|Mixed Platforms.ActiveCfg = Release|Any CPU
		{DAD7F333-24E0-49B1-9CA2-5ADDB699D7CF}.Release|Mixed Platforms.Build.0 = Release|Any CPU
		{DAD7F333-24E0-49B1-9CA2-5ADDB699D7CF}.Release|Win32.ActiveCfg = Release|Any CPU
		{1940FD4A-0A7C-42EF-9FAC-994541CF08A9}.Debug|Any CPU.ActiveCfg = Debug|Any CPU
		{1940FD4A-0A7C-42EF-9FAC-994541CF08A9}.Debug|Any CPU.Build.0 = Debug|Any CPU
		{1940FD4A-0A7C-42EF-9FAC-994541CF08A9}.Debug|Mixed Platforms.ActiveCfg = Debug|Any CPU
		{1940FD4A-0A7C-42EF-9FAC-994541CF08A9}.Debug|Mixed Platforms.Build.0 = Debug|Any CPU
		{1940FD4A-0A7C-42EF-9FAC-994541CF08A9}.Debug|Win32.ActiveCfg = Debug|Any CPU
		{1940FD4A-0A7C-42EF-9FAC-994541CF08A9}.Release|Any CPU.ActiveCfg = Release|Any CPU
		{1940FD4A-0A7C-42EF-9FAC-994541CF08A9}.Release|Any CPU.Build.0 = Release|Any CPU
		{1940FD4A-0A7C-42EF-9FAC-994541CF08A9}.Release|Mixed Platforms.ActiveCfg = Release|Any CPU
		{1940FD4A-0A7C-42EF-9FAC-994541CF08A9}.Release|Mixed Platforms.Build.0 = Release|Any CPU
		{1940FD4A-0A7C-42EF-9FAC-994541CF08A9}.Release|Win32.ActiveCfg = Release|Any CPU
	EndGlobalSection
	GlobalSection(SolutionProperties) = preSolution
		HideSolutionNode = FALSE
	EndGlobalSection
EndGlobal
